
Microsoft Visual Studio Solution File, Format Version 12.00
# Visual Studio 15
VisualStudioVersion = 15.0.28307.572
MinimumVisualStudioVersion = 10.0.40219.1
Project("{FAE04EC0-301F-11D3-BF4B-00C04F79EFBC}") = "TPV2doParcial", "TPV2doParcial\TPV2doParcial.csproj", "{6DF77742-BF9F-44CF-9F6C-8E130687F42E}"
EndProject
Global
	GlobalSection(SolutionConfigurationPlatforms) = preSolution
		Debug|Any CPU = Debug|Any CPU
		Release|Any CPU = Release|Any CPU
	EndGlobalSection
	GlobalSection(ProjectConfigurationPlatforms) = postSolution
		{6DF77742-BF9F-44CF-9F6C-8E130687F42E}.Debug|Any CPU.ActiveCfg = Debug|Any CPU
		{6DF77742-BF9F-44CF-9F6C-8E130687F42E}.Debug|Any CPU.Build.0 = Debug|Any CPU
		{6DF77742-BF9F-44CF-9F6C-8E130687F42E}.Release|Any CPU.ActiveCfg = Release|Any CPU
		{6DF77742-BF9F-44CF-9F6C-8E130687F42E}.Release|Any CPU.Build.0 = Release|Any CPU
	EndGlobalSection
	GlobalSection(SolutionProperties) = preSolution
		HideSolutionNode = FALSE
	EndGlobalSection
	GlobalSection(ExtensibilityGlobals) = postSolution
		SolutionGuid = {0EE62436-6769-4F5C-9755-D7F3E094536C}
	EndGlobalSection
EndGlobal
